
Microsoft Visual Studio Solution File, Format Version 12.00
# Visual Studio Version 16
VisualStudioVersion = 16.0.31402.337
MinimumVisualStudioVersion = 10.0.40219.1
Project("{9A19103F-16F7-4668-BE54-9A1E7A4F7556}") = "LaManuDay1Ex1_1", "LaManuDay1Ex1_1.csproj", "{EE02C658-88C0-4788-B9EF-D1210E290338}"
EndProject
Global
	GlobalSection(SolutionConfigurationPlatforms) = preSolution
		Debug|Any CPU = Debug|Any CPU
		Release|Any CPU = Release|Any CPU
	EndGlobalSection
	GlobalSection(ProjectConfigurationPlatforms) = postSolution
		{EE02C658-88C0-4788-B9EF-D1210E290338}.Debug|Any CPU.ActiveCfg = Debug|Any CPU
		{EE02C658-88C0-4788-B9EF-D1210E290338}.Debug|Any CPU.Build.0 = Debug|Any CPU
		{EE02C658-88C0-4788-B9EF-D1210E290338}.Release|Any CPU.ActiveCfg = Release|Any CPU
		{EE02C658-88C0-4788-B9EF-D1210E290338}.Release|Any CPU.Build.0 = Release|Any CPU
	EndGlobalSection
	GlobalSection(SolutionProperties) = preSolution
		HideSolutionNode = FALSE
	EndGlobalSection
	GlobalSection(ExtensibilityGlobals) = postSolution
		SolutionGuid = {F99740C1-41D8-49F2-95A3-139BC4223440}
	EndGlobalSection
EndGlobal
